
Microsoft Visual Studio Solution File, Format Version 12.00
# Visual Studio Version 17
VisualStudioVersion = 17.5.33414.496
MinimumVisualStudioVersion = 10.0.40219.1
Project("{FAE04EC0-301F-11D3-BF4B-00C04F79EFBC}") = "MarkdownEdit", "MarkdownEdit\MarkdownEdit.csproj", "{1145C1C2-8084-4FC7-A298-B2827596C397}"
EndProject
Global
	GlobalSection(SolutionConfigurationPlatforms) = preSolution
		Debug|Any CPU = Debug|Any CPU
		Release|Any CPU = Release|Any CPU
	EndGlobalSection
	GlobalSection(ProjectConfigurationPlatforms) = postSolution
		{1145C1C2-8084-4FC7-A298-B2827596C397}.Debug|Any CPU.ActiveCfg = Debug|Any CPU
		{1145C1C2-8084-4FC7-A298-B2827596C397}.Debug|Any CPU.Build.0 = Debug|Any CPU
		{1145C1C2-8084-4FC7-A298-B2827596C397}.Release|Any CPU.ActiveCfg = Release|Any CPU
		{1145C1C2-8084-4FC7-A298-B2827596C397}.Release|Any CPU.Build.0 = Release|Any CPU
	EndGlobalSection
	GlobalSection(SolutionProperties) = preSolution
		HideSolutionNode = FALSE
	EndGlobalSection
	GlobalSection(ExtensibilityGlobals) = postSolution
		SolutionGuid = {7775985B-8701-47E1-821D-E71458A1A206}
	EndGlobalSection
EndGlobal
